{
  "name": "json-mocker",
  "version": "1.0.0",
  "lockfileVersion": 1,
  "requires": true,
  "dependencies": {
    "casual-browserify": {
      "version": "1.5.19",
      "resolved": "https://registry.npmjs.org/casual-browserify/-/casual-browserify-1.5.19.tgz",
      "integrity": "sha512-j3xhfvYQRWxxaYDr2jMwH4xBuTd9u3ZVsPR59PYJ8MX1TX4Aw1TipxZ1r1iYDmhauqBj1AmvH6vQcku2GvQhpQ==",
      "requires": {
        "mersenne-twister": "^1.0.1",
        "moment": "^2.15.2"
      }
    },
    "chance": {
      "version": "1.1.4",
      "resolved": "https://registry.npmjs.org/chance/-/chance-1.1.4.tgz",
      "integrity": "sha512-pXPDSu3knKlb6H7ahQfpq//J9mSOxYK8SMtp8MV/nRJh8aLRDIl0ipLH8At8+nVogVwtvPZzyIzY/EbcY/cLuQ=="
    },
    "drange": {
      "version": "1.1.1",
      "resolved": "https://registry.npmjs.org/drange/-/drange-1.1.1.tgz",
      "integrity": "sha512-pYxfDYpued//QpnLIm4Avk7rsNtAtQkUES2cwAYSvD/wd2pKD71gN2Ebj3e7klzXwjocvE8c5vx/1fxwpqmSxA=="
    },
    "faker": {
      "version": "4.1.0",
      "resolved": "https://registry.npmjs.org/faker/-/faker-4.1.0.tgz",
      "integrity": "sha1-HkW7vsxndLPBlfrSg1EJxtdIzD8="
    },
    "mersenne-twister": {
      "version": "1.1.0",
      "resolved": "https://registry.npmjs.org/mersenne-twister/-/mersenne-twister-1.1.0.tgz",
      "integrity": "sha1-+RZhjuQ9cXnvz2Qb7EUx65Zwl4o="
    },
    "mocker-data-generator": {
      "version": "2.6.6",
      "resolved": "https://registry.npmjs.org/mocker-data-generator/-/mocker-data-generator-2.6.6.tgz",
      "integrity": "sha512-BwiZXbWNAmBuIMWo6RNR9cxp9yml9nYgVuJXGQV/yCpQefnpoGVt3ZOkaKGwewfmKYwSWZmz4zQpsyTzDylOng==",
      "requires": {
        "casual-browserify": "^1.5.19",
        "chance": "^1.0.16",
        "faker": "^4.1.0",
        "randexp": "^0.5.3",
        "tslib": "^1.9.0"
      }
    },
    "moment": {
      "version": "2.29.2",
      "resolved": "https://registry.npmjs.org/moment/-/moment-2.29.2.tgz",
      "integrity": "sha512-UgzG4rvxYpN15jgCmVJwac49h9ly9NurikMWGPdVxm8GZD6XjkKPxDTjQQ43gtGgnV3X0cAyWDdP2Wexoquifg=="
    },
    "randexp": {
      "version": "0.5.3",
      "resolved": "https://registry.npmjs.org/randexp/-/randexp-0.5.3.tgz",
      "integrity": "sha512-U+5l2KrcMNOUPYvazA3h5ekF80FHTUG+87SEAmHZmolh1M+i/WyTCxVzmi+tidIa1tM4BSe8g2Y/D3loWDjj+w==",
      "requires": {
        "drange": "^1.0.2",
        "ret": "^0.2.0"
      }
    },
    "ret": {
      "version": "0.2.2",
      "resolved": "https://registry.npmjs.org/ret/-/ret-0.2.2.tgz",
      "integrity": "sha512-M0b3YWQs7R3Z917WRQy1HHA7Ba7D8hvZg6UE5mLykJxQVE2ju0IXbGlaHPPlkY+WN7wFP+wUMXmBFA0aV6vYGQ=="
    },
    "tslib": {
      "version": "1.10.0",
      "resolved": "https://registry.npmjs.org/tslib/-/tslib-1.10.0.tgz",
      "integrity": "sha512-qOebF53frne81cf0S9B41ByenJ3/IuH8yJKngAX35CmiZySA0khhkovshKK+jGCaMnVomla7gVlIcc3EvKPbTQ=="
    }
  }
}
